// !$*UTF8*$!
{
	archiveVersion = 1;
	classes = {
	};
	objectVersion = 56;
	objects = {

/* Begin PBXBuildFile section */
		4032D9182911A5C70041831E /* AppDelegate.swift in Sources */ = {isa = PBXBuildFile; fileRef = 4032D9172911A5C70041831E /* AppDelegate.swift */; };
		4032D91A2911A5C70041831E /* SceneDelegate.swift in Sources */ = {isa = PBXBuildFile; fileRef = 4032D9192911A5C70041831E /* SceneDelegate.swift */; };
		4032D91C2911A5C70041831E /* ViewController.swift in Sources */ = {isa = PBXBuildFile; fileRef = 4032D91B2911A5C70041831E /* ViewController.swift */; };
		4032D91F2911A5C70041831E /* Main.storyboard in Resources */ = {isa = PBXBuildFile; fileRef = 4032D91D2911A5C70041831E /* Main.storyboard */; };
		4032D9212911A5CA0041831E /* Assets.xcassets in Resources */ = {isa = PBXBuildFile; fileRef = 4032D9202911A5CA0041831E /* Assets.xcassets */; };
		4032D9242911A5CA0041831E /* LaunchScreen.storyboard in Resources */ = {isa = PBXBuildFile; fileRef = 4032D9222911A5CA0041831E /* LaunchScreen.storyboard */; };
		4032D92F2911A5CB0041831E /* TestSecureEnclaveTests.swift in Sources */ = {isa = PBXBuildFile; fileRef = 4032D92E2911A5CB0041831E /* TestSecureEnclaveTests.swift */; };
		4032D9392911A5CB0041831E /* TestSecureEnclaveUITests.swift in Sources */ = {isa = PBXBuildFile; fileRef = 4032D9382911A5CB0041831E /* TestSecureEnclaveUITests.swift */; };
		4032D93B2911A5CB0041831E /* TestSecureEnclaveUITestsLaunchTests.swift in Sources */ = {isa = PBXBuildFile; fileRef = 4032D93A2911A5CB0041831E /* TestSecureEnclaveUITestsLaunchTests.swift */; };
/* End PBXBuildFile section */

/* Begin PBXContainerItemProxy section */
		4032D92B2911A5CB0041831E /* PBXContainerItemProxy */ = {
			isa = PBXContainerItemProxy;
			containerPortal = 4032D90C2911A5C70041831E /* Project object */;
			proxyType = 1;
			remoteGlobalIDString = 4032D9132911A5C70041831E;
			remoteInfo = TestSecureEnclave;
		};
		4032D9352911A5CB0041831E /* PBXContainerItemProxy */ = {
			isa = PBXContainerItemProxy;
			containerPortal = 4032D90C2911A5C70041831E /* Project object */;
			proxyType = 1;
			remoteGlobalIDString = 4032D9132911A5C70041831E;
			remoteInfo = TestSecureEnclave;
		};
/* End PBXContainerItemProxy section */

/* Begin PBXFileReference section */
		4032D9142911A5C70041831E /* TestSecureEnclave.app */ = {isa = PBXFileReference; explicitFileType = wrapper.application; includeInIndex = 0; path = TestSecureEnclave.app; sourceTree = BUILT_PRODUCTS_DIR; };
		4032D9172911A5C70041831E /* AppDelegate.swift */ = {isa = PBXFileReference; lastKnownFileType = sourcecode.swift; path = AppDelegate.swift; sourceTree = "<group>"; };
		4032D9192911A5C70041831E /* SceneDelegate.swift */ = {isa = PBXFileReference; lastKnownFileType = sourcecode.swift; path = SceneDelegate.swift; sourceTree = "<group>"; };
		4032D91B2911A5C70041831E /* ViewController.swift */ = {isa = PBXFileReference; lastKnownFileType = sourcecode.swift; path = ViewController.swift; sourceTree = "<group>"; };
		4032D91E2911A5C70041831E /* Base */ = {isa = PBXFileReference; lastKnownFileType = file.storyboard; name = Base; path = Base.lproj/Main.storyboard; sourceTree = "<group>"; };
		4032D9202911A5CA0041831E /* Assets.xcassets */ = {isa = PBXFileReference; lastKnownFileType = folder.assetcatalog; path = Assets.xcassets; sourceTree = "<group>"; };
		4032D9232911A5CA0041831E /* Base */ = {isa = PBXFileReference; lastKnownFileType = file.storyboard; name = Base; path = Base.lproj/LaunchScreen.storyboard; sourceTree = "<group>"; };
		4032D9252911A5CA0041831E /* Info.plist */ = {isa = PBXFileReference; lastKnownFileType = text.plist.xml; path = Info.plist; sourceTree = "<group>"; };
		4032D92A2911A5CB0041831E /* TestSecureEnclaveTests.xctest */ = {isa = PBXFileReference; explicitFileType = wrapper.cfbundle; includeInIndex = 0; path = TestSecureEnclaveTests.xctest; sourceTree = BUILT_PRODUCTS_DIR; };
		4032D92E2911A5CB0041831E /* TestSecureEnclaveTests.swift */ = {isa = PBXFileReference; lastKnownFileType = sourcecode.swift; path = TestSecureEnclaveTests.swift; sourceTree = "<group>"; };
		4032D9342911A5CB0041831E /* TestSecureEnclaveUITests.xctest */ = {isa = PBXFileReference; explicitFileType = wrapper.cfbundle; includeInIndex = 0; path = TestSecureEnclaveUITests.xctest; sourceTree = BUILT_PRODUCTS_DIR; };
		4032D9382911A5CB0041831E /* TestSecureEnclaveUITests.swift */ = {isa = PBXFileReference; lastKnownFileType = sourcecode.swift; path = TestSecureEnclaveUITests.swift; sourceTree = "<group>"; };
		4032D93A2911A5CB0041831E /* TestSecureEnclaveUITestsLaunchTests.swift */ = {isa = PBXFileReference; lastKnownFileType = sourcecode.swift; path = TestSecureEnclaveUITestsLaunchTests.swift; sourceTree = "<group>"; };
/* End PBXFileReference section */

/* Begin PBXFrameworksBuildPhase section */
		4032D9112911A5C70041831E /* Frameworks */ = {
			isa = PBXFrameworksBuildPhase;
			buildActionMask = 2147483647;
			files = (
			);
			runOnlyForDeploymentPostprocessing = 0;
		};
		4032D9272911A5CB0041831E /* Frameworks */ = {
			isa = PBXFrameworksBuildPhase;
			buildActionMask = 2147483647;
			files = (
			);
			runOnlyForDeploymentPostprocessing = 0;
		};
		4032D9312911A5CB0041831E /* Frameworks */ = {
			isa = PBXFrameworksBuildPhase;
			buildActionMask = 2147483647;
			files = (
			);
			runOnlyForDeploymentPostprocessing = 0;
		};
/* End PBXFrameworksBuildPhase section */

/* Begin PBXGroup section */
		4032D90B2911A5C70041831E = {
			isa = PBXGroup;
			children = (
				4032D9162911A5C70041831E /* TestSecureEnclave */,
				4032D92D2911A5CB0041831E /* TestSecureEnclaveTests */,
				4032D9372911A5CB0041831E /* TestSecureEnclaveUITests */,
				4032D9152911A5C70041831E /* Products */,
			);
			sourceTree = "<group>";
		};
		4032D9152911A5C70041831E /* Products */ = {
			isa = PBXGroup;
			children = (
				4032D9142911A5C70041831E /* TestSecureEnclave.app */,
				4032D92A2911A5CB0041831E /* TestSecureEnclaveTests.xctest */,
				4032D9342911A5CB0041831E /* TestSecureEnclaveUITests.xctest */,
			);
			name = Products;
			sourceTree = "<group>";
		};
		4032D9162911A5C70041831E /* TestSecureEnclave */ = {
			isa = PBXGroup;
			children = (
				4032D9172911A5C70041831E /* AppDelegate.swift */,
				4032D9192911A5C70041831E /* SceneDelegate.swift */,
				4032D91B2911A5C70041831E /* ViewController.swift */,
				4032D91D2911A5C70041831E /* Main.storyboard */,
				4032D9202911A5CA0041831E /* Assets.xcassets */,
				4032D9222911A5CA0041831E /* LaunchScreen.storyboard */,
				4032D9252911A5CA0041831E /* Info.plist */,
			);
			path = TestSecureEnclave;
			sourceTree = "<group>";
		};
		4032D92D2911A5CB0041831E /* TestSecureEnclaveTests */ = {
			isa = PBXGroup;
			children = (
				4032D92E2911A5CB0041831E /* TestSecureEnclaveTests.swift */,
			);
			path = TestSecureEnclaveTests;
			sourceTree = "<group>";
		};
		4032D9372911A5CB0041831E /* TestSecureEnclaveUITests */ = {
			isa = PBXGroup;
			children = (
				4032D9382911A5CB0041831E /* TestSecureEnclaveUITests.swift */,
				4032D93A2911A5CB0041831E /* TestSecureEnclaveUITestsLaunchTests.swift */,
			);
			path = TestSecureEnclaveUITests;
			sourceTree = "<group>";
		};
/* End PBXGroup section */

/* Begin PBXNativeTarget section */
		4032D9132911A5C70041831E /* TestSecureEnclave */ = {
			isa = PBXNativeTarget;
			buildConfigurationList = 4032D93E2911A5CB0041831E /* Build configuration list for PBXNativeTarget "TestSecureEnclave" */;
			buildPhases = (
				4032D9102911A5C70041831E /* Sources */,
				4032D9112911A5C70041831E /* Frameworks */,
				4032D9122911A5C70041831E /* Resources */,
			);
			buildRules = (
			);
			dependencies = (
			);
			name = TestSecureEnclave;
			productName = TestSecureEnclave;
			productReference = 4032D9142911A5C70041831E /* TestSecureEnclave.app */;
			productType = "com.apple.product-type.application";
		};
		4032D9292911A5CB0041831E /* TestSecureEnclaveTests */ = {
			isa = PBXNativeTarget;
			buildConfigurationList = 4032D9412911A5CB0041831E /* Build configuration list for PBXNativeTarget "TestSecureEnclaveTests" */;
			buildPhases = (
				4032D9262911A5CB0041831E /* Sources */,
				4032D9272911A5CB0041831E /* Frameworks */,
				4032D9282911A5CB0041831E /* Resources */,
			);
			buildRules = (
			);
			dependencies = (
				4032D92C2911A5CB0041831E /* PBXTargetDependency */,
			);
			name = TestSecureEnclaveTests;
			productName = TestSecureEnclaveTests;
			productReference = 4032D92A2911A5CB0041831E /* TestSecureEnclaveTests.xctest */;
			productType = "com.apple.product-type.bundle.unit-test";
		};
		4032D9332911A5CB0041831E /* TestSecureEnclaveUITests */ = {
			isa = PBXNativeTarget;
			buildConfigurationList = 4032D9442911A5CB0041831E /* Build configuration list for PBXNativeTarget "TestSecureEnclaveUITests" */;
			buildPhases = (
				4032D9302911A5CB0041831E /* Sources */,
				4032D9312911A5CB0041831E /* Frameworks */,
				4032D9322911A5CB0041831E /* Resources */,
			);
			buildRules = (
			);
			dependencies = (
				4032D9362911A5CB0041831E /* PBXTargetDependency */,
			);
			name = TestSecureEnclaveUITests;
			productName = TestSecureEnclaveUITests;
			productReference = 4032D9342911A5CB0041831E /* TestSecureEnclaveUITests.xctest */;
			productType = "com.apple.product-type.bundle.ui-testing";
		};
/* End PBXNativeTarget section */

/* Begin PBXProject section */
		4032D90C2911A5C70041831E /* Project object */ = {
			isa = PBXProject;
			attributes = {
				BuildIndependentTargetsInParallel = 1;
				LastSwiftUpdateCheck = 1400;
				LastUpgradeCheck = 1400;
				TargetAttributes = {
					4032D9132911A5C70041831E = {
						CreatedOnToolsVersion = 14.0.1;
					};
					4032D9292911A5CB0041831E = {
						CreatedOnToolsVersion = 14.0.1;
						TestTargetID = 4032D9132911A5C70041831E;
					};
					4032D9332911A5CB0041831E = {
						CreatedOnToolsVersion = 14.0.1;
						TestTargetID = 4032D9132911A5C70041831E;
					};
				};
			};
			buildConfigurationList = 4032D90F2911A5C70041831E /* Build configuration list for PBXProject "TestSecureEnclave" */;
			compatibilityVersion = "Xcode 14.0";
			developmentRegion = en;
			hasScannedForEncodings = 0;
			knownRegions = (
				en,
				Base,
			);
			mainGroup = 4032D90B2911A5C70041831E;
			productRefGroup = 4032D9152911A5C70041831E /* Products */;
			projectDirPath = "";
			projectRoot = "";
			targets = (
				4032D9132911A5C70041831E /* TestSecureEnclave */,
				4032D9292911A5CB0041831E /* TestSecureEnclaveTests */,
				4032D9332911A5CB0041831E /* TestSecureEnclaveUITests */,
			);
		};
/* End PBXProject section */

/* Begin PBXResourcesBuildPhase section */
		4032D9122911A5C70041831E /* Resources */ = {
			isa = PBXResourcesBuildPhase;
			buildActionMask = 2147483647;
			files = (
				4032D9242911A5CA0041831E /* LaunchScreen.storyboard in Resources */,
				4032D9212911A5CA0041831E /* Assets.xcassets in Resources */,
				4032D91F2911A5C70041831E /* Main.storyboard in Resources */,
			);
			runOnlyForDeploymentPostprocessing = 0;
		};
		4032D9282911A5CB0041831E /* Resources */ = {
			isa = PBXResourcesBuildPhase;
			buildActionMask = 2147483647;
			files = (
			);
			runOnlyForDeploymentPostprocessing = 0;
		};
		4032D9322911A5CB0041831E /* Resources */ = {
			isa = PBXResourcesBuildPhase;
			buildActionMask = 2147483647;
			files = (
			);
			runOnlyForDeploymentPostprocessing = 0;
		};
/* End PBXResourcesBuildPhase section */

/* Begin PBXSourcesBuildPhase section */
		4032D9102911A5C70041831E /* Sources */ = {
			isa = PBXSourcesBuildPhase;
			buildActionMask = 2147483647;
			files = (
				4032D91C2911A5C70041831E /* ViewController.swift in Sources */,
				4032D9182911A5C70041831E /* AppDelegate.swift in Sources */,
				4032D91A2911A5C70041831E /* SceneDelegate.swift in Sources */,
			);
			runOnlyForDeploymentPostprocessing = 0;
		};
		4032D9262911A5CB0041831E /* Sources */ = {
			isa = PBXSourcesBuildPhase;
			buildActionMask = 2147483647;
			files = (
				4032D92F2911A5CB0041831E /* TestSecureEnclaveTests.swift in Sources */,
			);
			runOnlyForDeploymentPostprocessing = 0;
		};
		4032D9302911A5CB0041831E /* Sources */ = {
			isa = PBXSourcesBuildPhase;
			buildActionMask = 2147483647;
			files = (
				4032D93B2911A5CB0041831E /* TestSecureEnclaveUITestsLaunchTests.swift in Sources */,
				4032D9392911A5CB0041831E /* TestSecureEnclaveUITests.swift in Sources */,
			);
			runOnlyForDeploymentPostprocessing = 0;
		};
/* End PBXSourcesBuildPhase section */

/* Begin PBXTargetDependency section */
		4032D92C2911A5CB0041831E /* PBXTargetDependency */ = {
			isa = PBXTargetDependency;
			target = 4032D9132911A5C70041831E /* TestSecureEnclave */;
			targetProxy = 4032D92B2911A5CB0041831E /* PBXContainerItemProxy */;
		};
		4032D9362911A5CB0041831E /* PBXTargetDependency */ = {
			isa = PBXTargetDependency;
			target = 4032D9132911A5C70041831E /* TestSecureEnclave */;
			targetProxy = 4032D9352911A5CB0041831E /* PBXContainerItemProxy */;
		};
/* End PBXTargetDependency section */

/* Begin PBXVariantGroup section */
		4032D91D2911A5C70041831E /* Main.storyboard */ = {
			isa = PBXVariantGroup;
			children = (
				4032D91E2911A5C70041831E /* Base */,
			);
			name = Main.storyboard;
			sourceTree = "<group>";
		};
		4032D9222911A5CA0041831E /* LaunchScreen.storyboard */ = {
			isa = PBXVariantGroup;
			children = (
				4032D9232911A5CA0041831E /* Base */,
			);
			name = LaunchScreen.storyboard;
			sourceTree = "<group>";
		};
/* End PBXVariantGroup section */

/* Begin XCBuildConfiguration section */
		4032D93C2911A5CB0041831E /* Debug */ = {
			isa = XCBuildConfiguration;
			buildSettings = {
				ALWAYS_SEARCH_USER_PATHS = NO;
				CLANG_ANALYZER_NONNULL = YES;
				CLANG_ANALYZER_NUMBER_OBJECT_CONVERSION = YES_AGGRESSIVE;
				CLANG_CXX_LANGUAGE_STANDARD = "gnu++20";
				CLANG_ENABLE_MODULES = YES;
				CLANG_ENABLE_OBJC_ARC = YES;
				CLANG_ENABLE_OBJC_WEAK = YES;
				CLANG_WARN_BLOCK_CAPTURE_AUTORELEASING = YES;
				CLANG_WARN_BOOL_CONVERSION = YES;
				CLANG_WARN_COMMA = YES;
				CLANG_WARN_CONSTANT_CONVERSION = YES;
				CLANG_WARN_DEPRECATED_OBJC_IMPLEMENTATIONS = YES;
				CLANG_WARN_DIRECT_OBJC_ISA_USAGE = YES_ERROR;
				CLANG_WARN_DOCUMENTATION_COMMENTS = YES;
				CLANG_WARN_EMPTY_BODY = YES;
				CLANG_WARN_ENUM_CONVERSION = YES;
				CLANG_WARN_INFINITE_RECURSION = YES;
				CLANG_WARN_INT_CONVERSION = YES;
				CLANG_WARN_NON_LITERAL_NULL_CONVERSION = YES;
				CLANG_WARN_OBJC_IMPLICIT_RETAIN_SELF = YES;
				CLANG_WARN_OBJC_LITERAL_CONVERSION = YES;
				CLANG_WARN_OBJC_ROOT_CLASS = YES_ERROR;
				CLANG_WARN_QUOTED_INCLUDE_IN_FRAMEWORK_HEADER = YES;
				CLANG_WARN_RANGE_LOOP_ANALYSIS = YES;
				CLANG_WARN_STRICT_PROTOTYPES = YES;
				CLANG_WARN_SUSPICIOUS_MOVE = YES;
				CLANG_WARN_UNGUARDED_AVAILABILITY = YES_AGGRESSIVE;
				CLANG_WARN_UNREACHABLE_CODE = YES;
				CLANG_WARN__DUPLICATE_METHOD_MATCH = YES;
				COPY_PHASE_STRIP = NO;
				DEBUG_INFORMATION_FORMAT = dwarf;
				ENABLE_STRICT_OBJC_MSGSEND = YES;
				ENABLE_TESTABILITY = YES;
				GCC_C_LANGUAGE_STANDARD = gnu11;
				GCC_DYNAMIC_NO_PIC = NO;
				GCC_NO_COMMON_BLOCKS = YES;
				GCC_OPTIMIZATION_LEVEL = 0;
				GCC_PREPROCESSOR_DEFINITIONS = (
					"DEBUG=1",
					"$(inherited)",
				);
				GCC_WARN_64_TO_32_BIT_CONVERSION = YES;
				GCC_WARN_ABOUT_RETURN_TYPE = YES_ERROR;
				GCC_WARN_UNDECLARED_SELECTOR = YES;
				GCC_WARN_UNINITIALIZED_AUTOS = YES_AGGRESSIVE;
				GCC_WARN_UNUSED_FUNCTION = YES;
				GCC_WARN_UNUSED_VARIABLE = YES;
				IPHONEOS_DEPLOYMENT_TARGET = 16.0;
				MTL_ENABLE_DEBUG_INFO = INCLUDE_SOURCE;
				MTL_FAST_MATH = YES;
				ONLY_ACTIVE_ARCH = YES;
				SDKROOT = iphoneos;
				SWIFT_ACTIVE_COMPILATION_CONDITIONS = DEBUG;
				SWIFT_OPTIMIZATION_LEVEL = "-Onone";
			};
			name = Debug;
		};
		4032D93D2911A5CB0041831E /* Release */ = {
			isa = XCBuildConfiguration;
			buildSettings = {
				ALWAYS_SEARCH_USER_PATHS = NO;
				CLANG_ANALYZER_NONNULL = YES;
				CLANG_ANALYZER_NUMBER_OBJECT_CONVERSION = YES_AGGRESSIVE;
				CLANG_CXX_LANGUAGE_STANDARD = "gnu++20";
				CLANG_ENABLE_MODULES = YES;
				CLANG_ENABLE_OBJC_ARC = YES;
				CLANG_ENABLE_OBJC_WEAK = YES;
				CLANG_WARN_BLOCK_CAPTURE_AUTORELEASING = YES;
				CLANG_WARN_BOOL_CONVERSION = YES;
				CLANG_WARN_COMMA = YES;
				CLANG_WARN_CONSTANT_CONVERSION = YES;
				CLANG_WARN_DEPRECATED_OBJC_IMPLEMENTATIONS = YES;
				CLANG_WARN_DIRECT_OBJC_ISA_USAGE = YES_ERROR;
				CLANG_WARN_DOCUMENTATION_COMMENTS = YES;
				CLANG_WARN_EMPTY_BODY = YES;
				CLANG_WARN_ENUM_CONVERSION = YES;
				CLANG_WARN_INFINITE_RECURSION = YES;
				CLANG_WARN_INT_CONVERSION = YES;
				CLANG_WARN_NON_LITERAL_NULL_CONVERSION = YES;
				CLANG_WARN_OBJC_IMPLICIT_RETAIN_SELF = YES;
				CLANG_WARN_OBJC_LITERAL_CONVERSION = YES;
				CLANG_WARN_OBJC_ROOT_CLASS = YES_ERROR;
				CLANG_WARN_QUOTED_INCLUDE_IN_FRAMEWORK_HEADER = YES;
				CLANG_WARN_RANGE_LOOP_ANALYSIS = YES;
				CLANG_WARN_STRICT_PROTOTYPES = YES;
				CLANG_WARN_SUSPICIOUS_MOVE = YES;
				CLANG_WARN_UNGUARDED_AVAILABILITY = YES_AGGRESSIVE;
				CLANG_WARN_UNREACHABLE_CODE = YES;
				CLANG_WARN__DUPLICATE_METHOD_MATCH = YES;
				COPY_PHASE_STRIP = NO;
				DEBUG_INFORMATION_FORMAT = "dwarf-with-dsym";
				ENABLE_NS_ASSERTIONS = NO;
				ENABLE_STRICT_OBJC_MSGSEND = YES;
				GCC_C_LANGUAGE_STANDARD = gnu11;
				GCC_NO_COMMON_BLOCKS = YES;
				GCC_WARN_64_TO_32_BIT_CONVERSION = YES;
				GCC_WARN_ABOUT_RETURN_TYPE = YES_ERROR;
				GCC_WARN_UNDECLARED_SELECTOR = YES;
				GCC_WARN_UNINITIALIZED_AUTOS = YES_AGGRESSIVE;
				GCC_WARN_UNUSED_FUNCTION = YES;
				GCC_WARN_UNUSED_VARIABLE = YES;
				IPHONEOS_DEPLOYMENT_TARGET = 16.0;
				MTL_ENABLE_DEBUG_INFO = NO;
				MTL_FAST_MATH = YES;
				SDKROOT = iphoneos;
				SWIFT_COMPILATION_MODE = wholemodule;
				SWIFT_OPTIMIZATION_LEVEL = "-O";
				VALIDATE_PRODUCT = YES;
			};
			name = Release;
		};
		4032D93F2911A5CB0041831E /* Debug */ = {
			isa = XCBuildConfiguration;
			buildSettings = {
				ASSETCATALOG_COMPILER_APPICON_NAME = AppIcon;
				ASSETCATALOG_COMPILER_GLOBAL_ACCENT_COLOR_NAME = AccentColor;
				CODE_SIGN_STYLE = Automatic;
				CURRENT_PROJECT_VERSION = 1;
				GENERATE_INFOPLIST_FILE = YES;
				INFOPLIST_FILE = TestSecureEnclave/Info.plist;
				INFOPLIST_KEY_UIApplicationSupportsIndirectInputEvents = YES;
				INFOPLIST_KEY_UILaunchStoryboardName = LaunchScreen;
				INFOPLIST_KEY_UIMainStoryboardFile = Main;
				INFOPLIST_KEY_UISupportedInterfaceOrientations_iPad = "UIInterfaceOrientationPortrait UIInterfaceOrientationPortraitUpsideDown UIInterfaceOrientationLandscapeLeft UIInterfaceOrientationLandscapeRight";
				INFOPLIST_KEY_UISupportedInterfaceOrientations_iPhone = "UIInterfaceOrientationPortrait UIInterfaceOrientationLandscapeLeft UIInterfaceOrientationLandscapeRight";
				IPHONEOS_DEPLOYMENT_TARGET = 13.0;
				LD_RUNPATH_SEARCH_PATHS = (
					"$(inherited)",
					"@executable_path/Frameworks",
				);
				MARKETING_VERSION = 1.0;
				PRODUCT_BUNDLE_IDENTIFIER = com.example.TestSecureEnclave;
				PRODUCT_NAME = "$(TARGET_NAME)";
				SWIFT_EMIT_LOC_STRINGS = YES;
				SWIFT_VERSION = 5.0;
				TARGETED_DEVICE_FAMILY = "1,2";
			};
			name = Debug;
		};
		4032D9402911A5CB0041831E /* Release */ = {
			isa = XCBuildConfiguration;
			buildSettings = {
				ASSETCATALOG_COMPILER_APPICON_NAME = AppIcon;
				ASSETCATALOG_COMPILER_GLOBAL_ACCENT_COLOR_NAME = AccentColor;
				CODE_SIGN_STYLE = Automatic;
				CURRENT_PROJECT_VERSION = 1;
				GENERATE_INFOPLIST_FILE = YES;
				INFOPLIST_FILE = TestSecureEnclave/Info.plist;
				INFOPLIST_KEY_UIApplicationSupportsIndirectInputEvents = YES;
				INFOPLIST_KEY_UILaunchStoryboardName = LaunchScreen;
				INFOPLIST_KEY_UIMainStoryboardFile = Main;
				INFOPLIST_KEY_UISupportedInterfaceOrientations_iPad = "UIInterfaceOrientationPortrait UIInterfaceOrientationPortraitUpsideDown UIInterfaceOrientationLandscapeLeft UIInterfaceOrientationLandscapeRight";
				INFOPLIST_KEY_UISupportedInterfaceOrientations_iPhone = "UIInterfaceOrientationPortrait UIInterfaceOrientationLandscapeLeft UIInterfaceOrientationLandscapeRight";
				IPHONEOS_DEPLOYMENT_TARGET = 13.0;
				LD_RUNPATH_SEARCH_PATHS = (
					"$(inherited)",
					"@executable_path/Frameworks",
				);
				MARKETING_VERSION = 1.0;
				PRODUCT_BUNDLE_IDENTIFIER = com.example.TestSecureEnclave;
				PRODUCT_NAME = "$(TARGET_NAME)";
				SWIFT_EMIT_LOC_STRINGS = YES;
				SWIFT_VERSION = 5.0;
				TARGETED_DEVICE_FAMILY = "1,2";
			};
			name = Release;
		};
		4032D9422911A5CB0041831E /* Debug */ = {
			isa = XCBuildConfiguration;
			buildSettings = {
				ALWAYS_EMBED_SWIFT_STANDARD_LIBRARIES = YES;
				BUNDLE_LOADER = "$(TEST_HOST)";
				CODE_SIGN_STYLE = Automatic;
				CURRENT_PROJECT_VERSION = 1;
				GENERATE_INFOPLIST_FILE = YES;
				IPHONEOS_DEPLOYMENT_TARGET = 16.0;
				MARKETING_VERSION = 1.0;
				PRODUCT_BUNDLE_IDENTIFIER = com.example.TestSecureEnclaveTests;
				PRODUCT_NAME = "$(TARGET_NAME)";
				SWIFT_EMIT_LOC_STRINGS = NO;
				SWIFT_VERSION = 5.0;
				TARGETED_DEVICE_FAMILY = "1,2";
				TEST_HOST = "$(BUILT_PRODUCTS_DIR)/TestSecureEnclave.app/$(BUNDLE_EXECUTABLE_FOLDER_PATH)/TestSecureEnclave";
			};
			name = Debug;
		};
		4032D9432911A5CB0041831E /* Release */ = {
			isa = XCBuildConfiguration;
			buildSettings = {
				ALWAYS_EMBED_SWIFT_STANDARD_LIBRARIES = YES;
				BUNDLE_LOADER = "$(TEST_HOST)";
				CODE_SIGN_STYLE = Automatic;
				CURRENT_PROJECT_VERSION = 1;
				GENERATE_INFOPLIST_FILE = YES;
				IPHONEOS_DEPLOYMENT_TARGET = 16.0;
				MARKETING_VERSION = 1.0;
				PRODUCT_BUNDLE_IDENTIFIER = com.example.TestSecureEnclaveTests;
				PRODUCT_NAME = "$(TARGET_NAME)";
				SWIFT_EMIT_LOC_STRINGS = NO;
				SWIFT_VERSION = 5.0;
				TARGETED_DEVICE_FAMILY = "1,2";
				TEST_HOST = "$(BUILT_PRODUCTS_DIR)/TestSecureEnclave.app/$(BUNDLE_EXECUTABLE_FOLDER_PATH)/TestSecureEnclave";
			};
			name = Release;
		};
		4032D9452911A5CB0041831E /* Debug */ = {
			isa = XCBuildConfiguration;
			buildSettings = {
				ALWAYS_EMBED_SWIFT_STANDARD_LIBRARIES = YES;
				CODE_SIGN_STYLE = Automatic;
				CURRENT_PROJECT_VERSION = 1;
				GENERATE_INFOPLIST_FILE = YES;
				MARKETING_VERSION = 1.0;
				PRODUCT_BUNDLE_IDENTIFIER = com.example.TestSecureEnclaveUITests;
				PRODUCT_NAME = "$(TARGET_NAME)";
				SWIFT_EMIT_LOC_STRINGS = NO;
				SWIFT_VERSION = 5.0;
				TARGETED_DEVICE_FAMILY = "1,2";
				TEST_TARGET_NAME = TestSecureEnclave;
			};
			name = Debug;
		};
		4032D9462911A5CB0041831E /* Release */ = {
			isa = XCBuildConfiguration;
			buildSettings = {
				ALWAYS_EMBED_SWIFT_STANDARD_LIBRARIES = YES;
				CODE_SIGN_STYLE = Automatic;
				CURRENT_PROJECT_VERSION = 1;
				GENERATE_INFOPLIST_FILE = YES;
				MARKETING_VERSION = 1.0;
				PRODUCT_BUNDLE_IDENTIFIER = com.example.TestSecureEnclaveUITests;
				PRODUCT_NAME = "$(TARGET_NAME)";
				SWIFT_EMIT_LOC_STRINGS = NO;
				SWIFT_VERSION = 5.0;
				TARGETED_DEVICE_FAMILY = "1,2";
				TEST_TARGET_NAME = TestSecureEnclave;
			};
			name = Release;
		};
/* End XCBuildConfiguration section */

/* Begin XCConfigurationList section */
		4032D90F2911A5C70041831E /* Build configuration list for PBXProject "TestSecureEnclave" */ = {
			isa = XCConfigurationList;
			buildConfigurations = (
				4032D93C2911A5CB0041831E /* Debug */,
				4032D93D2911A5CB0041831E /* Release */,
			);
			defaultConfigurationIsVisible = 0;
			defaultConfigurationName = Release;
		};
		4032D93E2911A5CB0041831E /* Build configuration list for PBXNativeTarget "TestSecureEnclave" */ = {
			isa = XCConfigurationList;
			buildConfigurations = (
				4032D93F2911A5CB0041831E /* Debug */,
				4032D9402911A5CB0041831E /* Release */,
			);
			defaultConfigurationIsVisible = 0;
			defaultConfigurationName = Release;
		};
		4032D9412911A5CB0041831E /* Build configuration list for PBXNativeTarget "TestSecureEnclaveTests" */ = {
			isa = XCConfigurationList;
			buildConfigurations = (
				4032D9422911A5CB0041831E /* Debug */,
				4032D9432911A5CB0041831E /* Release */,
			);
			defaultConfigurationIsVisible = 0;
			defaultConfigurationName = Release;
		};
		4032D9442911A5CB0041831E /* Build configuration list for PBXNativeTarget "TestSecureEnclaveUITests" */ = {
			isa = XCConfigurationList;
			buildConfigurations = (
				4032D9452911A5CB0041831E /* Debug */,
				4032D9462911A5CB0041831E /* Release */,
			);
			defaultConfigurationIsVisible = 0;
			defaultConfigurationName = Release;
		};
/* End XCConfigurationList section */
	};
	rootObject = 4032D90C2911A5C70041831E /* Project object */;
}
